// !$*UTF8*$!
{
	archiveVersion = 1;
	classes = {
	};
	objectVersion = 46;
	objects = {

/* Begin PBXBuildFile section */
		C7F21B6518A9BAF000577B2D /* Foundation.framework in Frameworks */ = {isa = PBXBuildFile; fileRef = C7F21B6418A9BAF000577B2D /* Foundation.framework */; };
		C7F21B6718A9BAF000577B2D /* CoreGraphics.framework in Frameworks */ = {isa = PBXBuildFile; fileRef = C7F21B6618A9BAF000577B2D /* CoreGraphics.framework */; };
		C7F21B6918A9BAF000577B2D /* UIKit.framework in Frameworks */ = {isa = PBXBuildFile; fileRef = C7F21B6818A9BAF000577B2D /* UIKit.framework */; };
		C7F21B6F18A9BAF000577B2D /* InfoPlist.strings in Resources */ = {isa = PBXBuildFile; fileRef = C7F21B6D18A9BAF000577B2D /* InfoPlist.strings */; };
		C7F21B7118A9BAF000577B2D /* main.m in Sources */ = {isa = PBXBuildFile; fileRef = C7F21B7018A9BAF000577B2D /* main.m */; };
		C7F21B7518A9BAF000577B2D /* AppDelegate.m in Sources */ = {isa = PBXBuildFile; fileRef = C7F21B7418A9BAF000577B2D /* AppDelegate.m */; };
		C7F21B7818A9BAF000577B2D /* Main.storyboard in Resources */ = {isa = PBXBuildFile; fileRef = C7F21B7618A9BAF000577B2D /* Main.storyboard */; };
		C7F21B7B18A9BAF000577B2D /* ViewController.m in Sources */ = {isa = PBXBuildFile; fileRef = C7F21B7A18A9BAF000577B2D /* ViewController.m */; };
		C7F21B7D18A9BAF000577B2D /* Images.xcassets in Resources */ = {isa = PBXBuildFile; fileRef = C7F21B7C18A9BAF000577B2D /* Images.xcassets */; };
		C7F21B8418A9BAF000577B2D /* XCTest.framework in Frameworks */ = {isa = PBXBuildFile; fileRef = C7F21B8318A9BAF000577B2D /* XCTest.framework */; };
		C7F21B8518A9BAF000577B2D /* Foundation.framework in Frameworks */ = {isa = PBXBuildFile; fileRef = C7F21B6418A9BAF000577B2D /* Foundation.framework */; };
		C7F21B8618A9BAF000577B2D /* UIKit.framework in Frameworks */ = {isa = PBXBuildFile; fileRef = C7F21B6818A9BAF000577B2D /* UIKit.framework */; };
		C7F21B8E18A9BAF000577B2D /* InfoPlist.strings in Resources */ = {isa = PBXBuildFile; fileRef = C7F21B8C18A9BAF000577B2D /* InfoPlist.strings */; };
		C7F21B9018A9BAF100577B2D /* SimpleAppTests.m in Sources */ = {isa = PBXBuildFile; fileRef = C7F21B8F18A9BAF100577B2D /* SimpleAppTests.m */; };
/* End PBXBuildFile section */

/* Begin PBXContainerItemProxy section */
		C7F21B8718A9BAF000577B2D /* PBXContainerItemProxy */ = {
			isa = PBXContainerItemProxy;
			containerPortal = C7F21B5918A9BAF000577B2D /* Project object */;
			proxyType = 1;
			remoteGlobalIDString = C7F21B6018A9BAF000577B2D;
			remoteInfo = SimpleApp;
		};
/* End PBXContainerItemProxy section */

/* Begin PBXFileReference section */
		C7F21B6118A9BAF000577B2D /* SimpleApp.app */ = {isa = PBXFileReference; explicitFileType = wrapper.application; includeInIndex = 0; path = SimpleApp.app; sourceTree = BUILT_PRODUCTS_DIR; };
		C7F21B6418A9BAF000577B2D /* Foundation.framework */ = {isa = PBXFileReference; lastKnownFileType = wrapper.framework; name = Foundation.framework; path = System/Library/Frameworks/Foundation.framework; sourceTree = SDKROOT; };
		C7F21B6618A9BAF000577B2D /* CoreGraphics.framework */ = {isa = PBXFileReference; lastKnownFileType = wrapper.framework; name = CoreGraphics.framework; path = System/Library/Frameworks/CoreGraphics.framework; sourceTree = SDKROOT; };
		C7F21B6818A9BAF000577B2D /* UIKit.framework */ = {isa = PBXFileReference; lastKnownFileType = wrapper.framework; name = UIKit.framework; path = System/Library/Frameworks/UIKit.framework; sourceTree = SDKROOT; };
		C7F21B6C18A9BAF000577B2D /* SimpleApp-Info.plist */ = {isa = PBXFileReference; lastKnownFileType = text.plist.xml; path = "SimpleApp-Info.plist"; sourceTree = "<group>"; };
		C7F21B6E18A9BAF000577B2D /* en */ = {isa = PBXFileReference; lastKnownFileType = text.plist.strings; name = en; path = en.lproj/InfoPlist.strings; sourceTree = "<group>"; };
		C7F21B7018A9BAF000577B2D /* main.m */ = {isa = PBXFileReference; lastKnownFileType = sourcecode.c.objc; path = main.m; sourceTree = "<group>"; };
		C7F21B7218A9BAF000577B2D /* SimpleApp-Prefix.pch */ = {isa = PBXFileReference; lastKnownFileType = sourcecode.c.h; path = "SimpleApp-Prefix.pch"; sourceTree = "<group>"; };
		C7F21B7318A9BAF000577B2D /* AppDelegate.h */ = {isa = PBXFileReference; lastKnownFileType = sourcecode.c.h; path = AppDelegate.h; sourceTree = "<group>"; };
		C7F21B7418A9BAF000577B2D /* AppDelegate.m */ = {isa = PBXFileReference; lastKnownFileType = sourcecode.c.objc; path = AppDelegate.m; sourceTree = "<group>"; };
		C7F21B7718A9BAF000577B2D /* Base */ = {isa = PBXFileReference; lastKnownFileType = file.storyboard; name = Base; path = Base.lproj/Main.storyboard; sourceTree = "<group>"; };
		C7F21B7918A9BAF000577B2D /* ViewController.h */ = {isa = PBXFileReference; lastKnownFileType = sourcecode.c.h; path = ViewController.h; sourceTree = "<group>"; };
		C7F21B7A18A9BAF000577B2D /* ViewController.m */ = {isa = PBXFileReference; lastKnownFileType = sourcecode.c.objc; path = ViewController.m; sourceTree = "<group>"; };
		C7F21B7C18A9BAF000577B2D /* Images.xcassets */ = {isa = PBXFileReference; lastKnownFileType = folder.assetcatalog; path = Images.xcassets; sourceTree = "<group>"; };
		C7F21B8218A9BAF000577B2D /* SimpleAppTests.xctest */ = {isa = PBXFileReference; explicitFileType = wrapper.cfbundle; includeInIndex = 0; path = SimpleAppTests.xctest; sourceTree = BUILT_PRODUCTS_DIR; };
		C7F21B8318A9BAF000577B2D /* XCTest.framework */ = {isa = PBXFileReference; lastKnownFileType = wrapper.framework; name = XCTest.framework; path = Library/Frameworks/XCTest.framework; sourceTree = DEVELOPER_DIR; };
		C7F21B8B18A9BAF000577B2D /* SimpleAppTests-Info.plist */ = {isa = PBXFileReference; lastKnownFileType = text.plist.xml; path = "SimpleAppTests-Info.plist"; sourceTree = "<group>"; };
		C7F21B8D18A9BAF000577B2D /* en */ = {isa = PBXFileReference; lastKnownFileType = text.plist.strings; name = en; path = en.lproj/InfoPlist.strings; sourceTree = "<group>"; };
		C7F21B8F18A9BAF100577B2D /* SimpleAppTests.m */ = {isa = PBXFileReference; lastKnownFileType = sourcecode.c.objc; path = SimpleAppTests.m; sourceTree = "<group>"; };
/* End PBXFileReference section */

/* Begin PBXFrameworksBuildPhase section */
		C7F21B5E18A9BAF000577B2D /* Frameworks */ = {
			isa = PBXFrameworksBuildPhase;
			buildActionMask = 2147483647;
			files = (
				C7F21B6718A9BAF000577B2D /* CoreGraphics.framework in Frameworks */,
				C7F21B6918A9BAF000577B2D /* UIKit.framework in Frameworks */,
				C7F21B6518A9BAF000577B2D /* Foundation.framework in Frameworks */,
			);
			runOnlyForDeploymentPostprocessing = 0;
		};
		C7F21B7F18A9BAF000577B2D /* Frameworks */ = {
			isa = PBXFrameworksBuildPhase;
			buildActionMask = 2147483647;
			files = (
				C7F21B8418A9BAF000577B2D /* XCTest.framework in Frameworks */,
				C7F21B8618A9BAF000577B2D /* UIKit.framework in Frameworks */,
				C7F21B8518A9BAF000577B2D /* Foundation.framework in Frameworks */,
			);
			runOnlyForDeploymentPostprocessing = 0;
		};
/* End PBXFrameworksBuildPhase section */

/* Begin PBXGroup section */
		C7F21B5818A9BAF000577B2D = {
			isa = PBXGroup;
			children = (
				C7F21B6A18A9BAF000577B2D /* SimpleApp */,
				C7F21B8918A9BAF000577B2D /* SimpleAppTests */,
				C7F21B6318A9BAF000577B2D /* Frameworks */,
				C7F21B6218A9BAF000577B2D /* Products */,
			);
			sourceTree = "<group>";
		};
		C7F21B6218A9BAF000577B2D /* Products */ = {
			isa = PBXGroup;
			children = (
				C7F21B6118A9BAF000577B2D /* SimpleApp.app */,
				C7F21B8218A9BAF000577B2D /* SimpleAppTests.xctest */,
			);
			name = Products;
			sourceTree = "<group>";
		};
		C7F21B6318A9BAF000577B2D /* Frameworks */ = {
			isa = PBXGroup;
			children = (
				C7F21B6418A9BAF000577B2D /* Foundation.framework */,
				C7F21B6618A9BAF000577B2D /* CoreGraphics.framework */,
				C7F21B6818A9BAF000577B2D /* UIKit.framework */,
				C7F21B8318A9BAF000577B2D /* XCTest.framework */,
			);
			name = Frameworks;
			sourceTree = "<group>";
		};
		C7F21B6A18A9BAF000577B2D /* SimpleApp */ = {
			isa = PBXGroup;
			children = (
				C7F21B7318A9BAF000577B2D /* AppDelegate.h */,
				C7F21B7418A9BAF000577B2D /* AppDelegate.m */,
				C7F21B7618A9BAF000577B2D /* Main.storyboard */,
				C7F21B7918A9BAF000577B2D /* ViewController.h */,
				C7F21B7A18A9BAF000577B2D /* ViewController.m */,
				C7F21B7C18A9BAF000577B2D /* Images.xcassets */,
				C7F21B6B18A9BAF000577B2D /* Supporting Files */,
			);
			path = SimpleApp;
			sourceTree = "<group>";
		};
		C7F21B6B18A9BAF000577B2D /* Supporting Files */ = {
			isa = PBXGroup;
			children = (
				C7F21B6C18A9BAF000577B2D /* SimpleApp-Info.plist */,
				C7F21B6D18A9BAF000577B2D /* InfoPlist.strings */,
				C7F21B7018A9BAF000577B2D /* main.m */,
				C7F21B7218A9BAF000577B2D /* SimpleApp-Prefix.pch */,
			);
			name = "Supporting Files";
			sourceTree = "<group>";
		};
		C7F21B8918A9BAF000577B2D /* SimpleAppTests */ = {
			isa = PBXGroup;
			children = (
				C7F21B8F18A9BAF100577B2D /* SimpleAppTests.m */,
				C7F21B8A18A9BAF000577B2D /* Supporting Files */,
			);
			path = SimpleAppTests;
			sourceTree = "<group>";
		};
		C7F21B8A18A9BAF000577B2D /* Supporting Files */ = {
			isa = PBXGroup;
			children = (
				C7F21B8B18A9BAF000577B2D /* SimpleAppTests-Info.plist */,
				C7F21B8C18A9BAF000577B2D /* InfoPlist.strings */,
			);
			name = "Supporting Files";
			sourceTree = "<group>";
		};
/* End PBXGroup section */

/* Begin PBXNativeTarget section */
		C7F21B6018A9BAF000577B2D /* SimpleApp */ = {
			isa = PBXNativeTarget;
			buildConfigurationList = C7F21B9318A9BAF100577B2D /* Build configuration list for PBXNativeTarget "SimpleApp" */;
			buildPhases = (
				C7F21B5D18A9BAF000577B2D /* Sources */,
				C7F21B5E18A9BAF000577B2D /* Frameworks */,
				C7F21B5F18A9BAF000577B2D /* Resources */,
			);
			buildRules = (
			);
			dependencies = (
			);
			name = SimpleApp;
			productName = SimpleApp;
			productReference = C7F21B6118A9BAF000577B2D /* SimpleApp.app */;
			productType = "com.apple.product-type.application";
		};
		C7F21B8118A9BAF000577B2D /* SimpleAppTests */ = {
			isa = PBXNativeTarget;
			buildConfigurationList = C7F21B9618A9BAF100577B2D /* Build configuration list for PBXNativeTarget "SimpleAppTests" */;
			buildPhases = (
				C7F21B7E18A9BAF000577B2D /* Sources */,
				C7F21B7F18A9BAF000577B2D /* Frameworks */,
				C7F21B8018A9BAF000577B2D /* Resources */,
			);
			buildRules = (
			);
			dependencies = (
				C7F21B8818A9BAF000577B2D /* PBXTargetDependency */,
			);
			name = SimpleAppTests;
			productName = SimpleAppTests;
			productReference = C7F21B8218A9BAF000577B2D /* SimpleAppTests.xctest */;
			productType = "com.apple.product-type.bundle.unit-test";
		};
/* End PBXNativeTarget section */

/* Begin PBXProject section */
		C7F21B5918A9BAF000577B2D /* Project object */ = {
			isa = PBXProject;
			attributes = {
				LastUpgradeCheck = 0500;
				ORGANIZATIONNAME = Ryan;
				TargetAttributes = {
					C7F21B8118A9BAF000577B2D = {
						TestTargetID = C7F21B6018A9BAF000577B2D;
					};
				};
			};
			buildConfigurationList = C7F21B5C18A9BAF000577B2D /* Build configuration list for PBXProject "SimpleApp" */;
			compatibilityVersion = "Xcode 3.2";
			developmentRegion = English;
			hasScannedForEncodings = 0;
			knownRegions = (
				en,
				Base,
			);
			mainGroup = C7F21B5818A9BAF000577B2D;
			productRefGroup = C7F21B6218A9BAF000577B2D /* Products */;
			projectDirPath = "";
			projectRoot = "";
			targets = (
				C7F21B6018A9BAF000577B2D /* SimpleApp */,
				C7F21B8118A9BAF000577B2D /* SimpleAppTests */,
			);
		};
/* End PBXProject section */

/* Begin PBXResourcesBuildPhase section */
		C7F21B5F18A9BAF000577B2D /* Resources */ = {
			isa = PBXResourcesBuildPhase;
			buildActionMask = 2147483647;
			files = (
				C7F21B7D18A9BAF000577B2D /* Images.xcassets in Resources */,
				C7F21B6F18A9BAF000577B2D /* InfoPlist.strings in Resources */,
				C7F21B7818A9BAF000577B2D /* Main.storyboard in Resources */,
			);
			runOnlyForDeploymentPostprocessing = 0;
		};
		C7F21B8018A9BAF000577B2D /* Resources */ = {
			isa = PBXResourcesBuildPhase;
			buildActionMask = 2147483647;
			files = (
				C7F21B8E18A9BAF000577B2D /* InfoPlist.strings in Resources */,
			);
			runOnlyForDeploymentPostprocessing = 0;
		};
/* End PBXResourcesBuildPhase section */

/* Begin PBXSourcesBuildPhase section */
		C7F21B5D18A9BAF000577B2D /* Sources */ = {
			isa = PBXSourcesBuildPhase;
			buildActionMask = 2147483647;
			files = (
				C7F21B7B18A9BAF000577B2D /* ViewController.m in Sources */,
				C7F21B7518A9BAF000577B2D /* AppDelegate.m in Sources */,
				C7F21B7118A9BAF000577B2D /* main.m in Sources */,
			);
			runOnlyForDeploymentPostprocessing = 0;
		};
		C7F21B7E18A9BAF000577B2D /* Sources */ = {
			isa = PBXSourcesBuildPhase;
			buildActionMask = 2147483647;
			files = (
				C7F21B9018A9BAF100577B2D /* SimpleAppTests.m in Sources */,
			);
			runOnlyForDeploymentPostprocessing = 0;
		};
/* End PBXSourcesBuildPhase section */

/* Begin PBXTargetDependency section */
		C7F21B8818A9BAF000577B2D /* PBXTargetDependency */ = {
			isa = PBXTargetDependency;
			target = C7F21B6018A9BAF000577B2D /* SimpleApp */;
			targetProxy = C7F21B8718A9BAF000577B2D /* PBXContainerItemProxy */;
		};
/* End PBXTargetDependency section */

/* Begin PBXVariantGroup section */
		C7F21B6D18A9BAF000577B2D /* InfoPlist.strings */ = {
			isa = PBXVariantGroup;
			children = (
				C7F21B6E18A9BAF000577B2D /* en */,
			);
			name = InfoPlist.strings;
			sourceTree = "<group>";
		};
		C7F21B7618A9BAF000577B2D /* Main.storyboard */ = {
			isa = PBXVariantGroup;
			children = (
				C7F21B7718A9BAF000577B2D /* Base */,
			);
			name = Main.storyboard;
			sourceTree = "<group>";
		};
		C7F21B8C18A9BAF000577B2D /* InfoPlist.strings */ = {
			isa = PBXVariantGroup;
			children = (
				C7F21B8D18A9BAF000577B2D /* en */,
			);
			name = InfoPlist.strings;
			sourceTree = "<group>";
		};
/* End PBXVariantGroup section */

/* Begin XCBuildConfiguration section */
		C7F21B9118A9BAF100577B2D /* Debug */ = {
			isa = XCBuildConfiguration;
			buildSettings = {
				ALWAYS_SEARCH_USER_PATHS = NO;
				ARCHS = "$(ARCHS_STANDARD_INCLUDING_64_BIT)";
				CLANG_CXX_LANGUAGE_STANDARD = "gnu++0x";
				CLANG_CXX_LIBRARY = "libc++";
				CLANG_ENABLE_MODULES = YES;
				CLANG_ENABLE_OBJC_ARC = YES;
				CLANG_WARN_BOOL_CONVERSION = YES;
				CLANG_WARN_CONSTANT_CONVERSION = YES;
				CLANG_WARN_DIRECT_OBJC_ISA_USAGE = YES_ERROR;
				CLANG_WARN_EMPTY_BODY = YES;
				CLANG_WARN_ENUM_CONVERSION = YES;
				CLANG_WARN_INT_CONVERSION = YES;
				CLANG_WARN_OBJC_ROOT_CLASS = YES_ERROR;
				CLANG_WARN__DUPLICATE_METHOD_MATCH = YES;
				"CODE_SIGN_IDENTITY[sdk=iphoneos*]" = "iPhone Developer";
				COPY_PHASE_STRIP = NO;
				GCC_C_LANGUAGE_STANDARD = gnu99;
				GCC_DYNAMIC_NO_PIC = NO;
				GCC_OPTIMIZATION_LEVEL = 0;
				GCC_PREPROCESSOR_DEFINITIONS = (
					"DEBUG=1",
					"$(inherited)",
				);
				GCC_SYMBOLS_PRIVATE_EXTERN = NO;
				GCC_WARN_64_TO_32_BIT_CONVERSION = YES;
				GCC_WARN_ABOUT_RETURN_TYPE = YES_ERROR;
				GCC_WARN_UNDECLARED_SELECTOR = YES;
				GCC_WARN_UNINITIALIZED_AUTOS = YES;
				GCC_WARN_UNUSED_FUNCTION = YES;
				GCC_WARN_UNUSED_VARIABLE = YES;
				IPHONEOS_DEPLOYMENT_TARGET = 7.0;
				ONLY_ACTIVE_ARCH = YES;
				SDKROOT = iphoneos;
			};
			name = Debug;
		};
		C7F21B9218A9BAF100577B2D /* Release */ = {
			isa = XCBuildConfiguration;
			buildSettings = {
				ALWAYS_SEARCH_USER_PATHS = NO;
				ARCHS = "$(ARCHS_STANDARD_INCLUDING_64_BIT)";
				CLANG_CXX_LANGUAGE_STANDARD = "gnu++0x";
				CLANG_CXX_LIBRARY = "libc++";
				CLANG_ENABLE_MODULES = YES;
				CLANG_ENABLE_OBJC_ARC = YES;
				CLANG_WARN_BOOL_CONVERSION = YES;
				CLANG_WARN_CONSTANT_CONVERSION = YES;
				CLANG_WARN_DIRECT_OBJC_ISA_USAGE = YES_ERROR;
				CLANG_WARN_EMPTY_BODY = YES;
				CLANG_WARN_ENUM_CONVERSION = YES;
				CLANG_WARN_INT_CONVERSION = YES;
				CLANG_WARN_OBJC_ROOT_CLASS = YES_ERROR;
				CLANG_WARN__DUPLICATE_METHOD_MATCH = YES;
				"CODE_SIGN_IDENTITY[sdk=iphoneos*]" = "iPhone Developer";
				COPY_PHASE_STRIP = YES;
				ENABLE_NS_ASSERTIONS = NO;
				GCC_C_LANGUAGE_STANDARD = gnu99;
				GCC_WARN_64_TO_32_BIT_CONVERSION = YES;
				GCC_WARN_ABOUT_RETURN_TYPE = YES_ERROR;
				GCC_WARN_UNDECLARED_SELECTOR = YES;
				GCC_WARN_UNINITIALIZED_AUTOS = YES;
				GCC_WARN_UNUSED_FUNCTION = YES;
				GCC_WARN_UNUSED_VARIABLE = YES;
				IPHONEOS_DEPLOYMENT_TARGET = 7.0;
				SDKROOT = iphoneos;
				VALIDATE_PRODUCT = YES;
			};
			name = Release;
		};
		C7F21B9418A9BAF100577B2D /* Debug */ = {
			isa = XCBuildConfiguration;
			buildSettings = {
				ASSETCATALOG_COMPILER_APPICON_NAME = AppIcon;
				ASSETCATALOG_COMPILER_LAUNCHIMAGE_NAME = LaunchImage;
				GCC_PRECOMPILE_PREFIX_HEADER = YES;
				GCC_PREFIX_HEADER = "SimpleApp/SimpleApp-Prefix.pch";
				INFOPLIST_FILE = "SimpleApp/SimpleApp-Info.plist";
				PRODUCT_NAME = "$(TARGET_NAME)";
				WRAPPER_EXTENSION = app;
			};
			name = Debug;
		};
		C7F21B9518A9BAF100577B2D /* Release */ = {
			isa = XCBuildConfiguration;
			buildSettings = {
				ASSETCATALOG_COMPILER_APPICON_NAME = AppIcon;
				ASSETCATALOG_COMPILER_LAUNCHIMAGE_NAME = LaunchImage;
				GCC_PRECOMPILE_PREFIX_HEADER = YES;
				GCC_PREFIX_HEADER = "SimpleApp/SimpleApp-Prefix.pch";
				INFOPLIST_FILE = "SimpleApp/SimpleApp-Info.plist";
				PRODUCT_NAME = "$(TARGET_NAME)";
				WRAPPER_EXTENSION = app;
			};
			name = Release;
		};
		C7F21B9718A9BAF100577B2D /* Debug */ = {
			isa = XCBuildConfiguration;
			buildSettings = {
				ARCHS = "$(ARCHS_STANDARD_INCLUDING_64_BIT)";
				BUNDLE_LOADER = "$(BUILT_PRODUCTS_DIR)/SimpleApp.app/SimpleApp";
				FRAMEWORK_SEARCH_PATHS = (
					"$(SDKROOT)/Developer/Library/Frameworks",
					"$(inherited)",
					"$(DEVELOPER_FRAMEWORKS_DIR)",
				);
				GCC_PRECOMPILE_PREFIX_HEADER = YES;
				GCC_PREFIX_HEADER = "SimpleApp/SimpleApp-Prefix.pch";
				GCC_PREPROCESSOR_DEFINITIONS = (
					"DEBUG=1",
					"$(inherited)",
				);
				INFOPLIST_FILE = "SimpleAppTests/SimpleAppTests-Info.plist";
				PRODUCT_NAME = "$(TARGET_NAME)";
				TEST_HOST = "$(BUNDLE_LOADER)";
				WRAPPER_EXTENSION = xctest;
			};
			name = Debug;
		};
		C7F21B9818A9BAF100577B2D /* Release */ = {
			isa = XCBuildConfiguration;
			buildSettings = {
				ARCHS = "$(ARCHS_STANDARD_INCLUDING_64_BIT)";
				BUNDLE_LOADER = "$(BUILT_PRODUCTS_DIR)/SimpleApp.app/SimpleApp";
				FRAMEWORK_SEARCH_PATHS = (
					"$(SDKROOT)/Developer/Library/Frameworks",
					"$(inherited)",
					"$(DEVELOPER_FRAMEWORKS_DIR)",
				);
				GCC_PRECOMPILE_PREFIX_HEADER = YES;
				GCC_PREFIX_HEADER = "SimpleApp/SimpleApp-Prefix.pch";
				INFOPLIST_FILE = "SimpleAppTests/SimpleAppTests-Info.plist";
				PRODUCT_NAME = "$(TARGET_NAME)";
				TEST_HOST = "$(BUNDLE_LOADER)";
				WRAPPER_EXTENSION = xctest;
			};
			name = Release;
		};
/* End XCBuildConfiguration section */

/* Begin XCConfigurationList section */
		C7F21B5C18A9BAF000577B2D /* Build configuration list for PBXProject "SimpleApp" */ = {
			isa = XCConfigurationList;
			buildConfigurations = (
				C7F21B9118A9BAF100577B2D /* Debug */,
				C7F21B9218A9BAF100577B2D /* Release */,
			);
			defaultConfigurationIsVisible = 0;
			defaultConfigurationName = Release;
		};
		C7F21B9318A9BAF100577B2D /* Build configuration list for PBXNativeTarget "SimpleApp" */ = {
			isa = XCConfigurationList;
			buildConfigurations = (
				C7F21B9418A9BAF100577B2D /* Debug */,
				C7F21B9518A9BAF100577B2D /* Release */,
			);
			defaultConfigurationIsVisible = 0;
		};
		C7F21B9618A9BAF100577B2D /* Build configuration list for PBXNativeTarget "SimpleAppTests" */ = {
			isa = XCConfigurationList;
			buildConfigurations = (
				C7F21B9718A9BAF100577B2D /* Debug */,
				C7F21B9818A9BAF100577B2D /* Release */,
			);
			defaultConfigurationIsVisible = 0;
		};
/* End XCConfigurationList section */
	};
	rootObject = C7F21B5918A9BAF000577B2D /* Project object */;
}
